schema: '2.0'
stages:
  get_data:
    cmd: python dvc/scripts/data.py
    deps:
    - path: dvc/scripts/data.py
      hash: md5
      md5: e70a40bc75c384830b107de4cc2cd7b7
      size: 1540
    params:
      params.yaml:
        index_col: customer_id
        retrain: true
    outs:
    - path: dvc/data/initial_data.csv
      hash: md5
      md5: 6697ae9f4f5405b281ab612658a11a63
      size: 824765
      cloud:
        my_storage:
          etag: 6697ae9f4f5405b281ab612658a11a63
          version_id: 000656ACB45886D5
  fit_model:
    cmd: python dvc/scripts/fit.py
    deps:
    - path: dvc/data/extended_data.csv
      hash: md5
      md5: 6697ae9f4f5405b281ab612658a11a63
      size: 824765
    - path: dvc/data/initial_data.csv
      hash: md5
      md5: 6697ae9f4f5405b281ab612658a11a63
      size: 824765
    - path: dvc/data/preprocessing_data.csv
      hash: md5
      md5: 6697ae9f4f5405b281ab612658a11a63
      size: 824765
    - path: dvc/scripts/fit.py
      hash: md5
      md5: 65e40b52fe0147270b5cd33497daace7
      size: 3964
    params:
      params.yaml:
        auto_class_weights: Balanced
        classification_threshold: 0.6
        index_col: customer_id
        is_extend: false
        is_preprocessing: false
        one_hot_drop: if_binary
        random_state: 42
        retrain: true
        target_col: target
        test_size: 0.2
    outs:
    - path: dvc/models/fitted_model.pkl
      hash: md5
      md5: 58894d905bbe4c18a9de7ed51af93a66
      size: 1133437
      cloud:
        my_storage:
          etag: 58894d905bbe4c18a9de7ed51af93a66
          version_id: 0006572F70A45FD9
    - path: dvc/split/X_train.csv
      hash: md5
      md5: a790f4930e28c30615b36b1fabed1740
      size: 627968
      cloud:
        my_storage:
          etag: a790f4930e28c30615b36b1fabed1740
          version_id: 0006572F70A2E938
    - path: dvc/split/X_val.csv
      hash: md5
      md5: ee6a8520740fa6a39e40a14fa1246bf6
      size: 157208
      cloud:
        my_storage:
          etag: ee6a8520740fa6a39e40a14fa1246bf6
          version_id: 0006572F709B98E0
    - path: dvc/split/y_train.csv
      hash: md5
      md5: dc1e1e4c2b6ed0c7459b0533eaeb1ce9
      size: 11275
      cloud:
        my_storage:
          etag: dc1e1e4c2b6ed0c7459b0533eaeb1ce9
          version_id: 000656ACB44FE69E
    - path: dvc/split/y_val.csv
      hash: md5
      md5: a0ef8ceac16e8722519fecbf1a89f448
      size: 2825
      cloud:
        my_storage:
          etag: a0ef8ceac16e8722519fecbf1a89f448
          version_id: 000656ACB44FCEE1
  evaluate_model:
    cmd: python dvc/scripts/evaluate.py
    deps:
    - path: dvc/data/extended_data.csv
      hash: md5
      md5: 6697ae9f4f5405b281ab612658a11a63
      size: 824765
    - path: dvc/data/preprocessing_data.csv
      hash: md5
      md5: 6697ae9f4f5405b281ab612658a11a63
      size: 824765
    - path: dvc/models/fitted_model.pkl
      hash: md5
      md5: 58894d905bbe4c18a9de7ed51af93a66
      size: 1133437
    - path: dvc/scripts/evaluate.py
      hash: md5
      md5: fd60d26f6f871f7776e040f11c959d20
      size: 2125
    - path: dvc/split/X_val.csv
      hash: md5
      md5: ee6a8520740fa6a39e40a14fa1246bf6
      size: 157208
    - path: dvc/split/y_val.csv
      hash: md5
      md5: a0ef8ceac16e8722519fecbf1a89f448
      size: 2825
    params:
      params.yaml:
        index_col: customer_id
        is_extend: false
        is_preprocessing: false
        metrics:
        - f1
        - roc_auc
        n_jobs: -1
        n_splits: 5
        retrain: true
        target_col: target
    outs:
    - path: dvc/cv_results/best_threshold.json
      hash: md5
      md5: 1811b22f2e52ce16948c618187a7095e
      size: 38
      cloud:
        my_storage:
          etag: 1811b22f2e52ce16948c618187a7095e
          version_id: 000656CD45010B95
    - path: dvc/cv_results/cv_res.json
      hash: md5
      md5: 7487e32e46eb1ff2493eb1a3c95caf2f
      size: 80
      cloud:
        my_storage:
          etag: 7487e32e46eb1ff2493eb1a3c95caf2f
          version_id: 0006572F709229A1
  data_preprocessing:
    cmd: python dvc/scripts/data_preprocessing.py
    deps:
    - path: dvc/data/initial_data.csv
      hash: md5
      md5: 6697ae9f4f5405b281ab612658a11a63
      size: 824765
    - path: dvc/scripts/data_preprocessing.py
      hash: md5
      md5: c98e29bcb6b5ca0a31ec80710c368f32
      size: 4043
    params:
      params.yaml:
        is_preprocessing: false
    outs:
    - path: dvc/data/preprocessing_data.csv
      hash: md5
      md5: 6697ae9f4f5405b281ab612658a11a63
      size: 824765
      cloud:
        my_storage:
          etag: 6697ae9f4f5405b281ab612658a11a63
          version_id: 0006572F70A4D31C
  data_extend:
    cmd: python dvc/scripts/data_extend.py
    deps:
    - path: dvc/data/preprocessing_data.csv
      hash: md5
      md5: 6697ae9f4f5405b281ab612658a11a63
      size: 824765
    - path: dvc/scripts/data_extend.py
      hash: md5
      md5: 5135405193156ecaf970874b933f610b
      size: 5678
    params:
      params.yaml:
        is_extend: false
    outs:
    - path: dvc/data/extended_data.csv
      hash: md5
      md5: 6697ae9f4f5405b281ab612658a11a63
      size: 824765
      cloud:
        my_storage:
          etag: 6697ae9f4f5405b281ab612658a11a63
          version_id: 0006572F70A54CD8
  save_model:
    cmd: python dvc/scripts/save_model.py
    deps:
    - path: dvc/models/fitted_model.pkl
      hash: md5
      md5: 58894d905bbe4c18a9de7ed51af93a66
      size: 1133437
    - path: dvc/scripts/save_model.py
      hash: md5
      md5: 2442a18e8573416d6c637d38bc4571df
      size: 2752
    - path: dvc/split/X_val.csv
      hash: md5
      md5: ee6a8520740fa6a39e40a14fa1246bf6
      size: 157208
    - path: dvc/split/y_val.csv
      hash: md5
      md5: a0ef8ceac16e8722519fecbf1a89f448
      size: 2825
    params:
      params.yaml:
        experiment_name: churn_model_experiment
        is_save_model: false
        registry_model_name: churn_model_initial_data
        run_name: initial_data_model_run
        tracking_uri: http://127.0.0.1:5003
