schema: '2.0'
stages:
  get_data:
    cmd: python dvc/scripts/data.py
    deps:
    - path: dvc/scripts/data.py
      hash: md5
      md5: e70a40bc75c384830b107de4cc2cd7b7
      size: 1540
    params:
      params.yaml:
        index_col: customer_id
        retrain: true
    outs:
    - path: dvc/data/initial_data.csv
      hash: md5
      md5: 6697ae9f4f5405b281ab612658a11a63
      size: 824765
      cloud:
        my_storage:
          etag: 6697ae9f4f5405b281ab612658a11a63
          version_id: 000656ACB45886D5
  fit_model:
    cmd: python dvc/scripts/fit.py
    deps:
    - path: dvc/data/initial_data.csv
      hash: md5
      md5: 6697ae9f4f5405b281ab612658a11a63
      size: 824765
    - path: dvc/scripts/fit.py
      hash: md5
      md5: 9d0bfafa9fec60ead7eb74a3d9a5b791
      size: 3507
    params:
      params.yaml:
        auto_class_weights: Balanced
        classification_threshold: 0.6
        index_col: customer_id
        one_hot_drop: if_binary
        random_state: 42
        retrain: true
        target_col: target
        test_size: 0.2
    outs:
    - path: dvc/models/fitted_model.pkl
      hash: md5
      md5: 2fdbd5d4588074acfa80cf2e5ed9fe38
      size: 1133437
      cloud:
        my_storage:
          etag: 2fdbd5d4588074acfa80cf2e5ed9fe38
          version_id: 000656CD450C7620
    - path: dvc/split/X_train.csv
      hash: md5
      md5: a790f4930e28c30615b36b1fabed1740
      size: 627968
      cloud:
        my_storage:
          etag: a790f4930e28c30615b36b1fabed1740
          version_id: 000656ACB447FC62
    - path: dvc/split/X_val.csv
      hash: md5
      md5: ee6a8520740fa6a39e40a14fa1246bf6
      size: 157208
      cloud:
        my_storage:
          etag: ee6a8520740fa6a39e40a14fa1246bf6
          version_id: 000656ACB463CAA6
    - path: dvc/split/y_train.csv
      hash: md5
      md5: dc1e1e4c2b6ed0c7459b0533eaeb1ce9
      size: 11275
      cloud:
        my_storage:
          etag: dc1e1e4c2b6ed0c7459b0533eaeb1ce9
          version_id: 000656ACB44FE69E
    - path: dvc/split/y_val.csv
      hash: md5
      md5: a0ef8ceac16e8722519fecbf1a89f448
      size: 2825
      cloud:
        my_storage:
          etag: a0ef8ceac16e8722519fecbf1a89f448
          version_id: 000656ACB44FCEE1
  evaluate_model:
    cmd: python dvc/scripts/evaluate.py
    deps:
    - path: dvc/models/fitted_model.pkl
      hash: md5
      md5: 2fdbd5d4588074acfa80cf2e5ed9fe38
      size: 1133437
    - path: dvc/scripts/evaluate.py
      hash: md5
      md5: fd60d26f6f871f7776e040f11c959d20
      size: 2125
    - path: dvc/split/X_val.csv
      hash: md5
      md5: ee6a8520740fa6a39e40a14fa1246bf6
      size: 157208
    - path: dvc/split/y_val.csv
      hash: md5
      md5: a0ef8ceac16e8722519fecbf1a89f448
      size: 2825
    params:
      params.yaml:
        index_col: customer_id
        metrics:
        - f1
        - roc_auc
        n_jobs: -1
        n_splits: 5
        retrain: true
        target_col: target
    outs:
    - path: dvc/cv_results/best_threshold.json
      hash: md5
      md5: 1811b22f2e52ce16948c618187a7095e
      size: 38
      cloud:
        my_storage:
          etag: 1811b22f2e52ce16948c618187a7095e
          version_id: 000656CD45010B95
    - path: dvc/cv_results/cv_res.json
      hash: md5
      md5: c2ae37e1109946f8a1026201e7048a10
      size: 80
      cloud:
        my_storage:
          etag: c2ae37e1109946f8a1026201e7048a10
          version_id: 000656CD44FD1CD7
